
Microsoft Visual Studio Solution File, Format Version 12.00
# Visual Studio 15
VisualStudioVersion = 15.0.28307.1259
MinimumVisualStudioVersion = 10.0.40219.1
Project("{FAE04EC0-301F-11D3-BF4B-00C04F79EFBC}") = "InheritanceEg2", "InheritanceEg2\InheritanceEg2.csproj", "{17695EC2-4286-4AD1-AC70-58BAA56D6B29}"
EndProject
Project("{FAE04EC0-301F-11D3-BF4B-00C04F79EFBC}") = "ExceptionHandlingEg", "ExceptionHandlingEg\ExceptionHandlingEg.csproj", "{2F6FF88D-1999-4019-A717-9B1A4E8BC5BD}"
EndProject
Project("{FAE04EC0-301F-11D3-BF4B-00C04F79EFBC}") = "Addition", "Addition\Addition.csproj", "{578BA930-76C2-447E-A990-86927F30DC03}"
EndProject
Project("{FAE04EC0-301F-11D3-BF4B-00C04F79EFBC}") = "GenericsConcept", "GenericsConcept\GenericsConcept.csproj", "{B095A67C-FAA7-4720-9485-06E73E900DAE}"
EndProject
Project("{FAE04EC0-301F-11D3-BF4B-00C04F79EFBC}") = "Assignment5", "Assignment5\Assignment5.csproj", "{90DC24D6-C476-4F4F-BC07-FEDD8C35FBED}"
EndProject
Global
	GlobalSection(SolutionConfigurationPlatforms) = preSolution
		Debug|Any CPU = Debug|Any CPU
		Release|Any CPU = Release|Any CPU
	EndGlobalSection
	GlobalSection(ProjectConfigurationPlatforms) = postSolution
		{17695EC2-4286-4AD1-AC70-58BAA56D6B29}.Debug|Any CPU.ActiveCfg = Debug|Any CPU
		{17695EC2-4286-4AD1-AC70-58BAA56D6B29}.Debug|Any CPU.Build.0 = Debug|Any CPU
		{17695EC2-4286-4AD1-AC70-58BAA56D6B29}.Release|Any CPU.ActiveCfg = Release|Any CPU
		{17695EC2-4286-4AD1-AC70-58BAA56D6B29}.Release|Any CPU.Build.0 = Release|Any CPU
		{2F6FF88D-1999-4019-A717-9B1A4E8BC5BD}.Debug|Any CPU.ActiveCfg = Debug|Any CPU
		{2F6FF88D-1999-4019-A717-9B1A4E8BC5BD}.Debug|Any CPU.Build.0 = Debug|Any CPU
		{2F6FF88D-1999-4019-A717-9B1A4E8BC5BD}.Release|Any CPU.ActiveCfg = Release|Any CPU
		{2F6FF88D-1999-4019-A717-9B1A4E8BC5BD}.Release|Any CPU.Build.0 = Release|Any CPU
		{578BA930-76C2-447E-A990-86927F30DC03}.Debug|Any CPU.ActiveCfg = Debug|Any CPU
		{578BA930-76C2-447E-A990-86927F30DC03}.Debug|Any CPU.Build.0 = Debug|Any CPU
		{578BA930-76C2-447E-A990-86927F30DC03}.Release|Any CPU.ActiveCfg = Release|Any CPU
		{578BA930-76C2-447E-A990-86927F30DC03}.Release|Any CPU.Build.0 = Release|Any CPU
		{B095A67C-FAA7-4720-9485-06E73E900DAE}.Debug|Any CPU.ActiveCfg = Debug|Any CPU
		{B095A67C-FAA7-4720-9485-06E73E900DAE}.Debug|Any CPU.Build.0 = Debug|Any CPU
		{B095A67C-FAA7-4720-9485-06E73E900DAE}.Release|Any CPU.ActiveCfg = Release|Any CPU
		{B095A67C-FAA7-4720-9485-06E73E900DAE}.Release|Any CPU.Build.0 = Release|Any CPU
		{90DC24D6-C476-4F4F-BC07-FEDD8C35FBED}.Debug|Any CPU.ActiveCfg = Debug|Any CPU
		{90DC24D6-C476-4F4F-BC07-FEDD8C35FBED}.Debug|Any CPU.Build.0 = Debug|Any CPU
		{90DC24D6-C476-4F4F-BC07-FEDD8C35FBED}.Release|Any CPU.ActiveCfg = Release|Any CPU
		{90DC24D6-C476-4F4F-BC07-FEDD8C35FBED}.Release|Any CPU.Build.0 = Release|Any CPU
	EndGlobalSection
	GlobalSection(SolutionProperties) = preSolution
		HideSolutionNode = FALSE
	EndGlobalSection
	GlobalSection(ExtensibilityGlobals) = postSolution
		SolutionGuid = {065399F9-8A9C-47DA-A799-6F96EEFE321B}
	EndGlobalSection
EndGlobal
